// !$*UTF8*$!
{
	archiveVersion = 1;
	classes = {
	};
	objectVersion = 50;
	objects = {

/* Begin PBXBuildFile section */
		BC167ABE2484DE6E00E0D15A /* AppDelegate.swift in Sources */ = {isa = PBXBuildFile; fileRef = BC167ABD2484DE6E00E0D15A /* AppDelegate.swift */; };
		BC167AC02484DE6E00E0D15A /* SceneDelegate.swift in Sources */ = {isa = PBXBuildFile; fileRef = BC167ABF2484DE6E00E0D15A /* SceneDelegate.swift */; };
		BC167AC22484DE6E00E0D15A /* ViewController.swift in Sources */ = {isa = PBXBuildFile; fileRef = BC167AC12484DE6E00E0D15A /* ViewController.swift */; };
		BC167AC52484DE6E00E0D15A /* Main.storyboard in Resources */ = {isa = PBXBuildFile; fileRef = BC167AC32484DE6E00E0D15A /* Main.storyboard */; };
		BC167AC72484DE7000E0D15A /* Assets.xcassets in Resources */ = {isa = PBXBuildFile; fileRef = BC167AC62484DE7000E0D15A /* Assets.xcassets */; };
		BC167ACA2484DE7000E0D15A /* LaunchScreen.storyboard in Resources */ = {isa = PBXBuildFile; fileRef = BC167AC82484DE7000E0D15A /* LaunchScreen.storyboard */; };
/* End PBXBuildFile section */

/* Begin PBXFileReference section */
		BC167ABA2484DE6E00E0D15A /* AnalogueClock.app */ = {isa = PBXFileReference; explicitFileType = wrapper.application; includeInIndex = 0; path = AnalogueClock.app; sourceTree = BUILT_PRODUCTS_DIR; };
		BC167ABD2484DE6E00E0D15A /* AppDelegate.swift */ = {isa = PBXFileReference; lastKnownFileType = sourcecode.swift; path = AppDelegate.swift; sourceTree = "<group>"; };
		BC167ABF2484DE6E00E0D15A /* SceneDelegate.swift */ = {isa = PBXFileReference; lastKnownFileType = sourcecode.swift; path = SceneDelegate.swift; sourceTree = "<group>"; };
		BC167AC12484DE6E00E0D15A /* ViewController.swift */ = {isa = PBXFileReference; lastKnownFileType = sourcecode.swift; path = ViewController.swift; sourceTree = "<group>"; };
		BC167AC42484DE6E00E0D15A /* Base */ = {isa = PBXFileReference; lastKnownFileType = file.storyboard; name = Base; path = Base.lproj/Main.storyboard; sourceTree = "<group>"; };
		BC167AC62484DE7000E0D15A /* Assets.xcassets */ = {isa = PBXFileReference; lastKnownFileType = folder.assetcatalog; path = Assets.xcassets; sourceTree = "<group>"; };
		BC167AC92484DE7000E0D15A /* Base */ = {isa = PBXFileReference; lastKnownFileType = file.storyboard; name = Base; path = Base.lproj/LaunchScreen.storyboard; sourceTree = "<group>"; };
		BC167ACB2484DE7000E0D15A /* Info.plist */ = {isa = PBXFileReference; lastKnownFileType = text.plist.xml; path = Info.plist; sourceTree = "<group>"; };
/* End PBXFileReference section */

/* Begin PBXFrameworksBuildPhase section */
		BC167AB72484DE6E00E0D15A /* Frameworks */ = {
			isa = PBXFrameworksBuildPhase;
			buildActionMask = 2147483647;
			files = (
			);
			runOnlyForDeploymentPostprocessing = 0;
		};
/* End PBXFrameworksBuildPhase section */

/* Begin PBXGroup section */
		BC167AB12484DE6E00E0D15A = {
			isa = PBXGroup;
			children = (
				BC167ABC2484DE6E00E0D15A /* AnalogueClock */,
				BC167ABB2484DE6E00E0D15A /* Products */,
			);
			sourceTree = "<group>";
		};
		BC167ABB2484DE6E00E0D15A /* Products */ = {
			isa = PBXGroup;
			children = (
				BC167ABA2484DE6E00E0D15A /* AnalogueClock.app */,
			);
			name = Products;
			sourceTree = "<group>";
		};
		BC167ABC2484DE6E00E0D15A /* AnalogueClock */ = {
			isa = PBXGroup;
			children = (
				BC167ABD2484DE6E00E0D15A /* AppDelegate.swift */,
				BC167ABF2484DE6E00E0D15A /* SceneDelegate.swift */,
				BC167AC12484DE6E00E0D15A /* ViewController.swift */,
				BC167AC32484DE6E00E0D15A /* Main.storyboard */,
				BC167AC62484DE7000E0D15A /* Assets.xcassets */,
				BC167AC82484DE7000E0D15A /* LaunchScreen.storyboard */,
				BC167ACB2484DE7000E0D15A /* Info.plist */,
			);
			path = AnalogueClock;
			sourceTree = "<group>";
		};
/* End PBXGroup section */

/* Begin PBXNativeTarget section */
		BC167AB92484DE6E00E0D15A /* AnalogueClock */ = {
			isa = PBXNativeTarget;
			buildConfigurationList = BC167ACE2484DE7000E0D15A /* Build configuration list for PBXNativeTarget "AnalogueClock" */;
			buildPhases = (
				BC167AB62484DE6E00E0D15A /* Sources */,
				BC167AB72484DE6E00E0D15A /* Frameworks */,
				BC167AB82484DE6E00E0D15A /* Resources */,
			);
			buildRules = (
			);
			dependencies = (
			);
			name = AnalogueClock;
			productName = AnalogueClock;
			productReference = BC167ABA2484DE6E00E0D15A /* AnalogueClock.app */;
			productType = "com.apple.product-type.application";
		};
/* End PBXNativeTarget section */

/* Begin PBXProject section */
		BC167AB22484DE6E00E0D15A /* Project object */ = {
			isa = PBXProject;
			attributes = {
				LastSwiftUpdateCheck = 1130;
				LastUpgradeCheck = 1130;
				ORGANIZATIONNAME = "유현재";
				TargetAttributes = {
					BC167AB92484DE6E00E0D15A = {
						CreatedOnToolsVersion = 11.3.1;
					};
				};
			};
			buildConfigurationList = BC167AB52484DE6E00E0D15A /* Build configuration list for PBXProject "AnalogueClock" */;
			compatibilityVersion = "Xcode 9.3";
			developmentRegion = en;
			hasScannedForEncodings = 0;
			knownRegions = (
				en,
				Base,
			);
			mainGroup = BC167AB12484DE6E00E0D15A;
			productRefGroup = BC167ABB2484DE6E00E0D15A /* Products */;
			projectDirPath = "";
			projectRoot = "";
			targets = (
				BC167AB92484DE6E00E0D15A /* AnalogueClock */,
			);
		};
/* End PBXProject section */

/* Begin PBXResourcesBuildPhase section */
		BC167AB82484DE6E00E0D15A /* Resources */ = {
			isa = PBXResourcesBuildPhase;
			buildActionMask = 2147483647;
			files = (
				BC167ACA2484DE7000E0D15A /* LaunchScreen.storyboard in Resources */,
				BC167AC72484DE7000E0D15A /* Assets.xcassets in Resources */,
				BC167AC52484DE6E00E0D15A /* Main.storyboard in Resources */,
			);
			runOnlyForDeploymentPostprocessing = 0;
		};
/* End PBXResourcesBuildPhase section */

/* Begin PBXSourcesBuildPhase section */
		BC167AB62484DE6E00E0D15A /* Sources */ = {
			isa = PBXSourcesBuildPhase;
			buildActionMask = 2147483647;
			files = (
				BC167AC22484DE6E00E0D15A /* ViewController.swift in Sources */,
				BC167ABE2484DE6E00E0D15A /* AppDelegate.swift in Sources */,
				BC167AC02484DE6E00E0D15A /* SceneDelegate.swift in Sources */,
			);
			runOnlyForDeploymentPostprocessing = 0;
		};
/* End PBXSourcesBuildPhase section */

/* Begin PBXVariantGroup section */
		BC167AC32484DE6E00E0D15A /* Main.storyboard */ = {
			isa = PBXVariantGroup;
			children = (
				BC167AC42484DE6E00E0D15A /* Base */,
			);
			name = Main.storyboard;
			sourceTree = "<group>";
		};
		BC167AC82484DE7000E0D15A /* LaunchScreen.storyboard */ = {
			isa = PBXVariantGroup;
			children = (
				BC167AC92484DE7000E0D15A /* Base */,
			);
			name = LaunchScreen.storyboard;
			sourceTree = "<group>";
		};
/* End PBXVariantGroup section */

/* Begin XCBuildConfiguration section */
		BC167ACC2484DE7000E0D15A /* Debug */ = {
			isa = XCBuildConfiguration;
			buildSettings = {
				ALWAYS_SEARCH_USER_PATHS = NO;
				CLANG_ANALYZER_NONNULL = YES;
				CLANG_ANALYZER_NUMBER_OBJECT_CONVERSION = YES_AGGRESSIVE;
				CLANG_CXX_LANGUAGE_STANDARD = "gnu++14";
				CLANG_CXX_LIBRARY = "libc++";
				CLANG_ENABLE_MODULES = YES;
				CLANG_ENABLE_OBJC_ARC = YES;
				CLANG_ENABLE_OBJC_WEAK = YES;
				CLANG_WARN_BLOCK_CAPTURE_AUTORELEASING = YES;
				CLANG_WARN_BOOL_CONVERSION = YES;
				CLANG_WARN_COMMA = YES;
				CLANG_WARN_CONSTANT_CONVERSION = YES;
				CLANG_WARN_DEPRECATED_OBJC_IMPLEMENTATIONS = YES;
				CLANG_WARN_DIRECT_OBJC_ISA_USAGE = YES_ERROR;
				CLANG_WARN_DOCUMENTATION_COMMENTS = YES;
				CLANG_WARN_EMPTY_BODY = YES;
				CLANG_WARN_ENUM_CONVERSION = YES;
				CLANG_WARN_INFINITE_RECURSION = YES;
				CLANG_WARN_INT_CONVERSION = YES;
				CLANG_WARN_NON_LITERAL_NULL_CONVERSION = YES;
				CLANG_WARN_OBJC_IMPLICIT_RETAIN_SELF = YES;
				CLANG_WARN_OBJC_LITERAL_CONVERSION = YES;
				CLANG_WARN_OBJC_ROOT_CLASS = YES_ERROR;
				CLANG_WARN_RANGE_LOOP_ANALYSIS = YES;
				CLANG_WARN_STRICT_PROTOTYPES = YES;
				CLANG_WARN_SUSPICIOUS_MOVE = YES;
				CLANG_WARN_UNGUARDED_AVAILABILITY = YES_AGGRESSIVE;
				CLANG_WARN_UNREACHABLE_CODE = YES;
				CLANG_WARN__DUPLICATE_METHOD_MATCH = YES;
				COPY_PHASE_STRIP = NO;
				DEBUG_INFORMATION_FORMAT = dwarf;
				ENABLE_STRICT_OBJC_MSGSEND = YES;
				ENABLE_TESTABILITY = YES;
				GCC_C_LANGUAGE_STANDARD = gnu11;
				GCC_DYNAMIC_NO_PIC = NO;
				GCC_NO_COMMON_BLOCKS = YES;
				GCC_OPTIMIZATION_LEVEL = 0;
				GCC_PREPROCESSOR_DEFINITIONS = (
					"DEBUG=1",
					"$(inherited)",
				);
				GCC_WARN_64_TO_32_BIT_CONVERSION = YES;
				GCC_WARN_ABOUT_RETURN_TYPE = YES_ERROR;
				GCC_WARN_UNDECLARED_SELECTOR = YES;
				GCC_WARN_UNINITIALIZED_AUTOS = YES_AGGRESSIVE;
				GCC_WARN_UNUSED_FUNCTION = YES;
				GCC_WARN_UNUSED_VARIABLE = YES;
				IPHONEOS_DEPLOYMENT_TARGET = 13.2;
				MTL_ENABLE_DEBUG_INFO = INCLUDE_SOURCE;
				MTL_FAST_MATH = YES;
				ONLY_ACTIVE_ARCH = YES;
				SDKROOT = iphoneos;
				SWIFT_ACTIVE_COMPILATION_CONDITIONS = DEBUG;
				SWIFT_OPTIMIZATION_LEVEL = "-Onone";
			};
			name = Debug;
		};
		BC167ACD2484DE7000E0D15A /* Release */ = {
			isa = XCBuildConfiguration;
			buildSettings = {
				ALWAYS_SEARCH_USER_PATHS = NO;
				CLANG_ANALYZER_NONNULL = YES;
				CLANG_ANALYZER_NUMBER_OBJECT_CONVERSION = YES_AGGRESSIVE;
				CLANG_CXX_LANGUAGE_STANDARD = "gnu++14";
				CLANG_CXX_LIBRARY = "libc++";
				CLANG_ENABLE_MODULES = YES;
				CLANG_ENABLE_OBJC_ARC = YES;
				CLANG_ENABLE_OBJC_WEAK = YES;
				CLANG_WARN_BLOCK_CAPTURE_AUTORELEASING = YES;
				CLANG_WARN_BOOL_CONVERSION = YES;
				CLANG_WARN_COMMA = YES;
				CLANG_WARN_CONSTANT_CONVERSION = YES;
				CLANG_WARN_DEPRECATED_OBJC_IMPLEMENTATIONS = YES;
				CLANG_WARN_DIRECT_OBJC_ISA_USAGE = YES_ERROR;
				CLANG_WARN_DOCUMENTATION_COMMENTS = YES;
				CLANG_WARN_EMPTY_BODY = YES;
				CLANG_WARN_ENUM_CONVERSION = YES;
				CLANG_WARN_INFINITE_RECURSION = YES;
				CLANG_WARN_INT_CONVERSION = YES;
				CLANG_WARN_NON_LITERAL_NULL_CONVERSION = YES;
				CLANG_WARN_OBJC_IMPLICIT_RETAIN_SELF = YES;
				CLANG_WARN_OBJC_LITERAL_CONVERSION = YES;
				CLANG_WARN_OBJC_ROOT_CLASS = YES_ERROR;
				CLANG_WARN_RANGE_LOOP_ANALYSIS = YES;
				CLANG_WARN_STRICT_PROTOTYPES = YES;
				CLANG_WARN_SUSPICIOUS_MOVE = YES;
				CLANG_WARN_UNGUARDED_AVAILABILITY = YES_AGGRESSIVE;
				CLANG_WARN_UNREACHABLE_CODE = YES;
				CLANG_WARN__DUPLICATE_METHOD_MATCH = YES;
				COPY_PHASE_STRIP = NO;
				DEBUG_INFORMATION_FORMAT = "dwarf-with-dsym";
				ENABLE_NS_ASSERTIONS = NO;
				ENABLE_STRICT_OBJC_MSGSEND = YES;
				GCC_C_LANGUAGE_STANDARD = gnu11;
				GCC_NO_COMMON_BLOCKS = YES;
				GCC_WARN_64_TO_32_BIT_CONVERSION = YES;
				GCC_WARN_ABOUT_RETURN_TYPE = YES_ERROR;
				GCC_WARN_UNDECLARED_SELECTOR = YES;
				GCC_WARN_UNINITIALIZED_AUTOS = YES_AGGRESSIVE;
				GCC_WARN_UNUSED_FUNCTION = YES;
				GCC_WARN_UNUSED_VARIABLE = YES;
				IPHONEOS_DEPLOYMENT_TARGET = 13.2;
				MTL_ENABLE_DEBUG_INFO = NO;
				MTL_FAST_MATH = YES;
				SDKROOT = iphoneos;
				SWIFT_COMPILATION_MODE = wholemodule;
				SWIFT_OPTIMIZATION_LEVEL = "-O";
				VALIDATE_PRODUCT = YES;
			};
			name = Release;
		};
		BC167ACF2484DE7000E0D15A /* Debug */ = {
			isa = XCBuildConfiguration;
			buildSettings = {
				ASSETCATALOG_COMPILER_APPICON_NAME = AppIcon;
				CODE_SIGN_STYLE = Automatic;
				INFOPLIST_FILE = AnalogueClock/Info.plist;
				LD_RUNPATH_SEARCH_PATHS = (
					"$(inherited)",
					"@executable_path/Frameworks",
				);
				PRODUCT_BUNDLE_IDENTIFIER = com.yhj.AnalogueClock;
				PRODUCT_NAME = "$(TARGET_NAME)";
				SWIFT_VERSION = 5.0;
				TARGETED_DEVICE_FAMILY = "1,2";
			};
			name = Debug;
		};
		BC167AD02484DE7000E0D15A /* Release */ = {
			isa = XCBuildConfiguration;
			buildSettings = {
				ASSETCATALOG_COMPILER_APPICON_NAME = AppIcon;
				CODE_SIGN_STYLE = Automatic;
				INFOPLIST_FILE = AnalogueClock/Info.plist;
				LD_RUNPATH_SEARCH_PATHS = (
					"$(inherited)",
					"@executable_path/Frameworks",
				);
				PRODUCT_BUNDLE_IDENTIFIER = com.yhj.AnalogueClock;
				PRODUCT_NAME = "$(TARGET_NAME)";
				SWIFT_VERSION = 5.0;
				TARGETED_DEVICE_FAMILY = "1,2";
			};
			name = Release;
		};
/* End XCBuildConfiguration section */

/* Begin XCConfigurationList section */
		BC167AB52484DE6E00E0D15A /* Build configuration list for PBXProject "AnalogueClock" */ = {
			isa = XCConfigurationList;
			buildConfigurations = (
				BC167ACC2484DE7000E0D15A /* Debug */,
				BC167ACD2484DE7000E0D15A /* Release */,
			);
			defaultConfigurationIsVisible = 0;
			defaultConfigurationName = Release;
		};
		BC167ACE2484DE7000E0D15A /* Build configuration list for PBXNativeTarget "AnalogueClock" */ = {
			isa = XCConfigurationList;
			buildConfigurations = (
				BC167ACF2484DE7000E0D15A /* Debug */,
				BC167AD02484DE7000E0D15A /* Release */,
			);
			defaultConfigurationIsVisible = 0;
			defaultConfigurationName = Release;
		};
/* End XCConfigurationList section */
	};
	rootObject = BC167AB22484DE6E00E0D15A /* Project object */;
}
